
Microsoft Visual Studio Solution File, Format Version 12.00
# Visual Studio Version 17
VisualStudioVersion = 17.6.33829.357
MinimumVisualStudioVersion = 10.0.40219.1
Project("{FAE04EC0-301F-11D3-BF4B-00C04F79EFBC}") = "Enums", "Enums.csproj", "{40C6D85F-46F1-4C7C-B98E-828725001AA2}"
EndProject
Global
	GlobalSection(SolutionConfigurationPlatforms) = preSolution
		Debug|Any CPU = Debug|Any CPU
		Release|Any CPU = Release|Any CPU
	EndGlobalSection
	GlobalSection(ProjectConfigurationPlatforms) = postSolution
		{40C6D85F-46F1-4C7C-B98E-828725001AA2}.Debug|Any CPU.ActiveCfg = Debug|Any CPU
		{40C6D85F-46F1-4C7C-B98E-828725001AA2}.Debug|Any CPU.Build.0 = Debug|Any CPU
		{40C6D85F-46F1-4C7C-B98E-828725001AA2}.Release|Any CPU.ActiveCfg = Release|Any CPU
		{40C6D85F-46F1-4C7C-B98E-828725001AA2}.Release|Any CPU.Build.0 = Release|Any CPU
	EndGlobalSection
	GlobalSection(SolutionProperties) = preSolution
		HideSolutionNode = FALSE
	EndGlobalSection
	GlobalSection(ExtensibilityGlobals) = postSolution
		SolutionGuid = {16F83D5B-7E9B-4E81-94CB-172126E54705}
	EndGlobalSection
EndGlobal
